{
  "name": "dist",
  "lockfileVersion": 3,
  "requires": true,
  "packages": {
    "": {
      "dependencies": {
        "jquery.repeater": "^1.2.1"
      }
    },
    "node_modules/jquery.repeater": {
      "version": "1.2.1",
      "resolved": "https://registry.npmjs.org/jquery.repeater/-/jquery.repeater-1.2.1.tgz",
      "integrity": "sha512-OltR1Z1AwaOsCQFBbfe1h+RnxjAwLrBa9uYkOjuj6DvyEJx0alr0ToCvfbCX1CJqq4vOMfoZUSjjKXBVog0srw=="
    }
  }
}
